<?xml version="1.0" encoding="utf-8"?>
<Project ToolsVersion="4.0" xmlns="http://schemas.microsoft.com/developer/msbuild/2003">
  <ItemGroup>
    <Filter Include="源文件">
      <UniqueIdentifier>{4FC737F1-C7A5-4376-A066-2A32D752A2FF}</UniqueIdentifier>
      <Extensions>cpp;c;cc;cxx;def;odl;idl;hpj;bat;asm;asmx</Extensions>
    </Filter>
    <Filter Include="头文件">
      <UniqueIdentifier>{93995380-89BD-4b04-88EB-625FBE52EBFB}</UniqueIdentifier>
      <Extensions>h;hpp;hxx;hm;inl;inc;xsd</Extensions>
    </Filter>
    <Filter Include="资源文件">
      <UniqueIdentifier>{67DA6AB6-F800-4c08-8B7A-83BB121AAD01}</UniqueIdentifier>
      <Extensions>rc;ico;cur;bmp;dlg;rc2;rct;bin;rgs;gif;jpg;jpeg;jpe;resx;tiff;tif;png;wav;mfcribbon-ms</Extensions>
    </Filter>
    <Filter Include="Splash">
      <UniqueIdentifier>{fc1fac65-1417-45cd-8753-20056877e05b}</UniqueIdentifier>
    </Filter>
    <Filter Include="LogLib">
      <UniqueIdentifier>{7c47ac31-2e8d-4bdf-b99c-533546a08d16}</UniqueIdentifier>
    </Filter>
    <Filter Include="Config">
      <UniqueIdentifier>{e607fe74-f437-421e-a9ce-6b41bc1d5838}</UniqueIdentifier>
    </Filter>
  </ItemGroup>
  <ItemGroup>
    <None Include="ReadMe.txt" />
    <None Include="res\DSScanner.BMP">
      <Filter>资源文件</Filter>
    </None>
    <None Include="res\bitmap2.bmp">
      <Filter>资源文件</Filter>
    </None>
    <None Include="res\splash.bmp">
      <Filter>资源文件</Filter>
    </None>
  </ItemGroup>
  <ItemGroup>
    <ClInclude Include="stdafx.h">
      <Filter>头文件</Filter>
    </ClInclude>
    <ClInclude Include="targetver.h">
      <Filter>头文件</Filter>
    </ClInclude>
    <ClInclude Include="Resource.h">
      <Filter>头文件</Filter>
    </ClInclude>
    <ClInclude Include="ConfocalCore.h">
      <Filter>头文件</Filter>
    </ClInclude>
    <ClInclude Include="ConfocalCoreModule.h">
      <Filter>头文件</Filter>
    </ClInclude>
    <ClInclude Include="SplashWnd.h">
      <Filter>Splash</Filter>
    </ClInclude>
    <ClInclude Include="LogLib.h">
      <Filter>LogLib</Filter>
    </ClInclude>
    <ClInclude Include="SplashPanel.h">
      <Filter>Splash</Filter>
    </ClInclude>
    <ClInclude Include="Confocal_Config.h">
      <Filter>Config</Filter>
    </ClInclude>
    <ClInclude Include="..\#Include\HGloableFunction.h">
      <Filter>头文件</Filter>
    </ClInclude>
  </ItemGroup>
  <ItemGroup>
    <ClCompile Include="stdafx.cpp">
      <Filter>源文件</Filter>
    </ClCompile>
    <ClCompile Include="ConfocalCore.cpp">
      <Filter>源文件</Filter>
    </ClCompile>
    <ClCompile Include="ConfocalCoreModule.cpp">
      <Filter>源文件</Filter>
    </ClCompile>
    <ClCompile Include="SplashWnd.cpp">
      <Filter>Splash</Filter>
    </ClCompile>
    <ClCompile Include="LogLib.cpp">
      <Filter>LogLib</Filter>
    </ClCompile>
    <ClCompile Include="SplashPanel.cpp">
      <Filter>Splash</Filter>
    </ClCompile>
    <ClCompile Include="Confocal_Config.cpp">
      <Filter>Config</Filter>
    </ClCompile>
    <ClCompile Include="..\#ExSrc\Global\HGloableFunction.cpp">
      <Filter>源文件</Filter>
    </ClCompile>
  </ItemGroup>
  <ItemGroup>
    <ResourceCompile Include="ConfocalCore.rc">
      <Filter>资源文件</Filter>
    </ResourceCompile>
  </ItemGroup>
</Project>