<?xml version="1.0" encoding="utf-8"?>
<Project ToolsVersion="4.0" xmlns="http://schemas.microsoft.com/developer/msbuild/2003">
  <ItemGroup>
    <Filter Include="源文件">
      <UniqueIdentifier>{4FC737F1-C7A5-4376-A066-2A32D752A2FF}</UniqueIdentifier>
      <Extensions>cpp;c;cc;cxx;def;odl;idl;hpj;bat;asm;asmx</Extensions>
    </Filter>
    <Filter Include="头文件">
      <UniqueIdentifier>{93995380-89BD-4b04-88EB-625FBE52EBFB}</UniqueIdentifier>
      <Extensions>h;hpp;hxx;hm;inl;inc;xsd</Extensions>
    </Filter>
    <Filter Include="资源文件">
      <UniqueIdentifier>{67DA6AB6-F800-4c08-8B7A-83BB121AAD01}</UniqueIdentifier>
      <Extensions>rc;ico;cur;bmp;dlg;rc2;rct;bin;rgs;gif;jpg;jpeg;jpe;resx;tiff;tif;png;wav;mfcribbon-ms</Extensions>
    </Filter>
    <Filter Include="PicCreator">
      <UniqueIdentifier>{f3a9eb14-6635-4505-90f0-f98f40bf2a31}</UniqueIdentifier>
    </Filter>
    <Filter Include="Alp">
      <UniqueIdentifier>{814fb038-3a1a-4450-89c8-bfcdc4742d7b}</UniqueIdentifier>
    </Filter>
    <Filter Include="Wlp">
      <UniqueIdentifier>{9d254822-4ef8-42ac-921a-ed818d14e924}</UniqueIdentifier>
    </Filter>
    <Filter Include="DMDManager">
      <UniqueIdentifier>{cdf23ec2-2d1b-4455-aba7-0e34a330ded5}</UniqueIdentifier>
    </Filter>
  </ItemGroup>
  <ItemGroup>
    <None Include="ReadMe.txt" />
  </ItemGroup>
  <ItemGroup>
    <ClInclude Include="stdafx.h">
      <Filter>头文件</Filter>
    </ClInclude>
    <ClInclude Include="targetver.h">
      <Filter>头文件</Filter>
    </ClInclude>
    <ClInclude Include="Resource.h">
      <Filter>头文件</Filter>
    </ClInclude>
    <ClInclude Include="WlpDMDLib.h">
      <Filter>头文件</Filter>
    </ClInclude>
    <ClInclude Include="PattenPoint.h">
      <Filter>PicCreator</Filter>
    </ClInclude>
    <ClInclude Include="PatternLine.h">
      <Filter>PicCreator</Filter>
    </ClInclude>
    <ClInclude Include="DMDManager.h">
      <Filter>DMDManager</Filter>
    </ClInclude>
    <ClInclude Include="PatternGeneratorImpl.h">
      <Filter>PicCreator</Filter>
    </ClInclude>
    <ClInclude Include="AlpAdapter.h">
      <Filter>Alp</Filter>
    </ClInclude>
    <ClInclude Include="..\#ExLib\alp\Inc\Projector.h">
      <Filter>Alp</Filter>
    </ClInclude>
    <ClInclude Include="WlpAdapter.h">
      <Filter>Wlp</Filter>
    </ClInclude>
  </ItemGroup>
  <ItemGroup>
    <ClCompile Include="stdafx.cpp">
      <Filter>源文件</Filter>
    </ClCompile>
    <ClCompile Include="WlpDMDLib.cpp">
      <Filter>源文件</Filter>
    </ClCompile>
    <ClCompile Include="PattenPoint.cpp">
      <Filter>PicCreator</Filter>
    </ClCompile>
    <ClCompile Include="PatternLine.cpp">
      <Filter>PicCreator</Filter>
    </ClCompile>
    <ClCompile Include="DMDManager.cpp">
      <Filter>DMDManager</Filter>
    </ClCompile>
    <ClCompile Include="PatternGeneratorImpl.cpp">
      <Filter>PicCreator</Filter>
    </ClCompile>
    <ClCompile Include="AlpAdapter.cpp">
      <Filter>Alp</Filter>
    </ClCompile>
    <ClCompile Include="..\#ExLib\alp\Inc\Projector.cpp">
      <Filter>Alp</Filter>
    </ClCompile>
    <ClCompile Include="WlpAdapter.cpp">
      <Filter>Wlp</Filter>
    </ClCompile>
  </ItemGroup>
  <ItemGroup>
    <ResourceCompile Include="WlpDMDLib.rc">
      <Filter>资源文件</Filter>
    </ResourceCompile>
  </ItemGroup>
</Project>